
Microsoft Visual Studio Solution File, Format Version 12.00
# Visual Studio 2012
Project("{FAE04EC0-301F-11D3-BF4B-00C04F79EFBC}") = "TesteAssinaXML_A3", "TesteAssinaXML_A3\TesteAssinaXML_A3.csproj", "{EE3C6AB0-0ADF-4AB8-ABCD-6A59923F85BD}"
EndProject
Global
	GlobalSection(SolutionConfigurationPlatforms) = preSolution
		Debug|Any CPU = Debug|Any CPU
		Release|Any CPU = Release|Any CPU
	EndGlobalSection
	GlobalSection(ProjectConfigurationPlatforms) = postSolution
		{EE3C6AB0-0ADF-4AB8-ABCD-6A59923F85BD}.Debug|Any CPU.ActiveCfg = Debug|Any CPU
		{EE3C6AB0-0ADF-4AB8-ABCD-6A59923F85BD}.Debug|Any CPU.Build.0 = Debug|Any CPU
		{EE3C6AB0-0ADF-4AB8-ABCD-6A59923F85BD}.Release|Any CPU.ActiveCfg = Release|Any CPU
		{EE3C6AB0-0ADF-4AB8-ABCD-6A59923F85BD}.Release|Any CPU.Build.0 = Release|Any CPU
	EndGlobalSection
	GlobalSection(SolutionProperties) = preSolution
		HideSolutionNode = FALSE
	EndGlobalSection
EndGlobal
